
Microsoft Visual Studio Solution File, Format Version 12.00
# Visual Studio 2012
Project("{FAE04EC0-301F-11D3-BF4B-00C04F79EFBC}") = "Greeting", "Greeting\Greeting.csproj", "{2C17ED32-409B-411B-8B9F-E049CBCC6B42}"
EndProject
Project("{FAE04EC0-301F-11D3-BF4B-00C04F79EFBC}") = "AddTwoNumbers", "AddTwoNumbers\AddTwoNumbers.csproj", "{ECF39C08-4AFE-4E93-9051-DE7F83EE0EA5}"
EndProject
Project("{FAE04EC0-301F-11D3-BF4B-00C04F79EFBC}") = "EmployeeData", "EmployeeData\EmployeeData.csproj", "{5F71AA72-DA1D-48B2-BE19-F7BCC702B3B5}"
EndProject
Global
	GlobalSection(SolutionConfigurationPlatforms) = preSolution
		Debug|Any CPU = Debug|Any CPU
		Release|Any CPU = Release|Any CPU
	EndGlobalSection
	GlobalSection(ProjectConfigurationPlatforms) = postSolution
		{2C17ED32-409B-411B-8B9F-E049CBCC6B42}.Debug|Any CPU.ActiveCfg = Debug|Any CPU
		{2C17ED32-409B-411B-8B9F-E049CBCC6B42}.Debug|Any CPU.Build.0 = Debug|Any CPU
		{2C17ED32-409B-411B-8B9F-E049CBCC6B42}.Release|Any CPU.ActiveCfg = Release|Any CPU
		{2C17ED32-409B-411B-8B9F-E049CBCC6B42}.Release|Any CPU.Build.0 = Release|Any CPU
		{ECF39C08-4AFE-4E93-9051-DE7F83EE0EA5}.Debug|Any CPU.ActiveCfg = Debug|Any CPU
		{ECF39C08-4AFE-4E93-9051-DE7F83EE0EA5}.Debug|Any CPU.Build.0 = Debug|Any CPU
		{ECF39C08-4AFE-4E93-9051-DE7F83EE0EA5}.Release|Any CPU.ActiveCfg = Release|Any CPU
		{ECF39C08-4AFE-4E93-9051-DE7F83EE0EA5}.Release|Any CPU.Build.0 = Release|Any CPU
		{5F71AA72-DA1D-48B2-BE19-F7BCC702B3B5}.Debug|Any CPU.ActiveCfg = Debug|Any CPU
		{5F71AA72-DA1D-48B2-BE19-F7BCC702B3B5}.Debug|Any CPU.Build.0 = Debug|Any CPU
		{5F71AA72-DA1D-48B2-BE19-F7BCC702B3B5}.Release|Any CPU.ActiveCfg = Release|Any CPU
		{5F71AA72-DA1D-48B2-BE19-F7BCC702B3B5}.Release|Any CPU.Build.0 = Release|Any CPU
	EndGlobalSection
	GlobalSection(SolutionProperties) = preSolution
		HideSolutionNode = FALSE
	EndGlobalSection
EndGlobal
